
Microsoft Visual Studio Solution File, Format Version 12.00
# Visual Studio Version 17
VisualStudioVersion = 17.11.35431.28
MinimumVisualStudioVersion = 10.0.40219.1
Project("{FAE04EC0-301F-11D3-BF4B-00C04F79EFBC}") = "SpaceWar", "SpaceWar\SpaceWar.csproj", "{5E6E4A3A-A680-44B1-A9B5-0E2B1EE50B0F}"
EndProject
Global
	GlobalSection(SolutionConfigurationPlatforms) = preSolution
		Debug|Any CPU = Debug|Any CPU
		Release|Any CPU = Release|Any CPU
	EndGlobalSection
	GlobalSection(ProjectConfigurationPlatforms) = postSolution
		{5E6E4A3A-A680-44B1-A9B5-0E2B1EE50B0F}.Debug|Any CPU.ActiveCfg = Debug|Any CPU
		{5E6E4A3A-A680-44B1-A9B5-0E2B1EE50B0F}.Debug|Any CPU.Build.0 = Debug|Any CPU
		{5E6E4A3A-A680-44B1-A9B5-0E2B1EE50B0F}.Release|Any CPU.ActiveCfg = Release|Any CPU
		{5E6E4A3A-A680-44B1-A9B5-0E2B1EE50B0F}.Release|Any CPU.Build.0 = Release|Any CPU
	EndGlobalSection
	GlobalSection(SolutionProperties) = preSolution
		HideSolutionNode = FALSE
	EndGlobalSection
	GlobalSection(ExtensibilityGlobals) = postSolution
		SolutionGuid = {0BD62B9D-6C75-4FBC-AADA-F06E408B5D7A}
	EndGlobalSection
EndGlobal
